
Microsoft Visual Studio Solution File, Format Version 12.00
# Visual Studio Version 17
VisualStudioVersion = 17.9.34728.123
MinimumVisualStudioVersion = 10.0.40219.1
Project("{9A19103F-16F7-4668-BE54-9A1E7A4F7556}") = "DesafioPOO", "trilha-net-poo-desafio\DesafioPOO.csproj", "{37878C32-4DE9-4853-B7E8-647463BF40FE}"
EndProject
Global
	GlobalSection(SolutionConfigurationPlatforms) = preSolution
		Debug|Any CPU = Debug|Any CPU
		Release|Any CPU = Release|Any CPU
	EndGlobalSection
	GlobalSection(ProjectConfigurationPlatforms) = postSolution
		{37878C32-4DE9-4853-B7E8-647463BF40FE}.Debug|Any CPU.ActiveCfg = Debug|Any CPU
		{37878C32-4DE9-4853-B7E8-647463BF40FE}.Debug|Any CPU.Build.0 = Debug|Any CPU
		{37878C32-4DE9-4853-B7E8-647463BF40FE}.Release|Any CPU.ActiveCfg = Release|Any CPU
		{37878C32-4DE9-4853-B7E8-647463BF40FE}.Release|Any CPU.Build.0 = Release|Any CPU
	EndGlobalSection
	GlobalSection(SolutionProperties) = preSolution
		HideSolutionNode = FALSE
	EndGlobalSection
	GlobalSection(ExtensibilityGlobals) = postSolution
		SolutionGuid = {9FBBFEB3-6092-444B-B1AE-2955ACDDCD25}
	EndGlobalSection
EndGlobal
